// !$*UTF8*$!
{
	archiveVersion = 1;
	classes = {
	};
	objectVersion = 56;
	objects = {

/* Begin PBXBuildFile section */
		2053E3542926E31B00F74C38 /* SnowSeekerApp.swift in Sources */ = {isa = PBXBuildFile; fileRef = 2053E3532926E31B00F74C38 /* SnowSeekerApp.swift */; };
		2053E3562926E31B00F74C38 /* ContentView.swift in Sources */ = {isa = PBXBuildFile; fileRef = 2053E3552926E31B00F74C38 /* ContentView.swift */; };
		2053E3582926E31C00F74C38 /* Assets.xcassets in Resources */ = {isa = PBXBuildFile; fileRef = 2053E3572926E31C00F74C38 /* Assets.xcassets */; };
		2053E35B2926E31C00F74C38 /* Preview Assets.xcassets in Resources */ = {isa = PBXBuildFile; fileRef = 2053E35A2926E31C00F74C38 /* Preview Assets.xcassets */; };
		2053E3622926EDAE00F74C38 /* resorts.json in Resources */ = {isa = PBXBuildFile; fileRef = 2053E3612926EDAE00F74C38 /* resorts.json */; };
		2053E3642926EE5D00F74C38 /* Resort.swift in Sources */ = {isa = PBXBuildFile; fileRef = 2053E3632926EE5D00F74C38 /* Resort.swift */; };
		2053E3662926EF0F00F74C38 /* Bundle-Decodable.swift in Sources */ = {isa = PBXBuildFile; fileRef = 2053E3652926EF0F00F74C38 /* Bundle-Decodable.swift */; };
		2053E3682926F31F00F74C38 /* WelcomeView.swift in Sources */ = {isa = PBXBuildFile; fileRef = 2053E3672926F31F00F74C38 /* WelcomeView.swift */; };
		2087CA172928F1A400CBA8B3 /* ResortView.swift in Sources */ = {isa = PBXBuildFile; fileRef = 2087CA162928F1A400CBA8B3 /* ResortView.swift */; };
		2087CA192928F32200CBA8B3 /* SkiDetailsView.swift in Sources */ = {isa = PBXBuildFile; fileRef = 2087CA182928F32200CBA8B3 /* SkiDetailsView.swift */; };
		2087CA1B2928F43600CBA8B3 /* ResortDetailsView.swift in Sources */ = {isa = PBXBuildFile; fileRef = 2087CA1A2928F43600CBA8B3 /* ResortDetailsView.swift */; };
		2087CA1D2928FC5300CBA8B3 /* Facility.swift in Sources */ = {isa = PBXBuildFile; fileRef = 2087CA1C2928FC5300CBA8B3 /* Facility.swift */; };
		2087CA1F2929019C00CBA8B3 /* Favorites.swift in Sources */ = {isa = PBXBuildFile; fileRef = 2087CA1E2929019C00CBA8B3 /* Favorites.swift */; };
/* End PBXBuildFile section */

/* Begin PBXFileReference section */
		2053E3502926E31B00F74C38 /* SnowSeeker.app */ = {isa = PBXFileReference; explicitFileType = wrapper.application; includeInIndex = 0; path = SnowSeeker.app; sourceTree = BUILT_PRODUCTS_DIR; };
		2053E3532926E31B00F74C38 /* SnowSeekerApp.swift */ = {isa = PBXFileReference; lastKnownFileType = sourcecode.swift; path = SnowSeekerApp.swift; sourceTree = "<group>"; };
		2053E3552926E31B00F74C38 /* ContentView.swift */ = {isa = PBXFileReference; lastKnownFileType = sourcecode.swift; path = ContentView.swift; sourceTree = "<group>"; };
		2053E3572926E31C00F74C38 /* Assets.xcassets */ = {isa = PBXFileReference; lastKnownFileType = folder.assetcatalog; path = Assets.xcassets; sourceTree = "<group>"; };
		2053E35A2926E31C00F74C38 /* Preview Assets.xcassets */ = {isa = PBXFileReference; lastKnownFileType = folder.assetcatalog; path = "Preview Assets.xcassets"; sourceTree = "<group>"; };
		2053E3612926EDAE00F74C38 /* resorts.json */ = {isa = PBXFileReference; fileEncoding = 4; lastKnownFileType = text.json; path = resorts.json; sourceTree = "<group>"; };
		2053E3632926EE5D00F74C38 /* Resort.swift */ = {isa = PBXFileReference; lastKnownFileType = sourcecode.swift; path = Resort.swift; sourceTree = "<group>"; };
		2053E3652926EF0F00F74C38 /* Bundle-Decodable.swift */ = {isa = PBXFileReference; lastKnownFileType = sourcecode.swift; path = "Bundle-Decodable.swift"; sourceTree = "<group>"; };
		2053E3672926F31F00F74C38 /* WelcomeView.swift */ = {isa = PBXFileReference; lastKnownFileType = sourcecode.swift; path = WelcomeView.swift; sourceTree = "<group>"; };
		2087CA162928F1A400CBA8B3 /* ResortView.swift */ = {isa = PBXFileReference; lastKnownFileType = sourcecode.swift; path = ResortView.swift; sourceTree = "<group>"; };
		2087CA182928F32200CBA8B3 /* SkiDetailsView.swift */ = {isa = PBXFileReference; lastKnownFileType = sourcecode.swift; path = SkiDetailsView.swift; sourceTree = "<group>"; };
		2087CA1A2928F43600CBA8B3 /* ResortDetailsView.swift */ = {isa = PBXFileReference; lastKnownFileType = sourcecode.swift; path = ResortDetailsView.swift; sourceTree = "<group>"; };
		2087CA1C2928FC5300CBA8B3 /* Facility.swift */ = {isa = PBXFileReference; lastKnownFileType = sourcecode.swift; path = Facility.swift; sourceTree = "<group>"; };
		2087CA1E2929019C00CBA8B3 /* Favorites.swift */ = {isa = PBXFileReference; lastKnownFileType = sourcecode.swift; path = Favorites.swift; sourceTree = "<group>"; };
/* End PBXFileReference section */

/* Begin PBXFrameworksBuildPhase section */
		2053E34D2926E31B00F74C38 /* Frameworks */ = {
			isa = PBXFrameworksBuildPhase;
			buildActionMask = 2147483647;
			files = (
			);
			runOnlyForDeploymentPostprocessing = 0;
		};
/* End PBXFrameworksBuildPhase section */

/* Begin PBXGroup section */
		2053E3472926E31B00F74C38 = {
			isa = PBXGroup;
			children = (
				2053E3522926E31B00F74C38 /* SnowSeeker */,
				2053E3512926E31B00F74C38 /* Products */,
			);
			sourceTree = "<group>";
		};
		2053E3512926E31B00F74C38 /* Products */ = {
			isa = PBXGroup;
			children = (
				2053E3502926E31B00F74C38 /* SnowSeeker.app */,
			);
			name = Products;
			sourceTree = "<group>";
		};
		2053E3522926E31B00F74C38 /* SnowSeeker */ = {
			isa = PBXGroup;
			children = (
				2053E3532926E31B00F74C38 /* SnowSeekerApp.swift */,
				2053E3552926E31B00F74C38 /* ContentView.swift */,
				2087CA162928F1A400CBA8B3 /* ResortView.swift */,
				2087CA1E2929019C00CBA8B3 /* Favorites.swift */,
				2087CA1C2928FC5300CBA8B3 /* Facility.swift */,
				2087CA182928F32200CBA8B3 /* SkiDetailsView.swift */,
				2087CA1A2928F43600CBA8B3 /* ResortDetailsView.swift */,
				2053E3672926F31F00F74C38 /* WelcomeView.swift */,
				2053E3632926EE5D00F74C38 /* Resort.swift */,
				2053E3652926EF0F00F74C38 /* Bundle-Decodable.swift */,
				2053E3612926EDAE00F74C38 /* resorts.json */,
				2053E3572926E31C00F74C38 /* Assets.xcassets */,
				2053E3592926E31C00F74C38 /* Preview Content */,
			);
			path = SnowSeeker;
			sourceTree = "<group>";
		};
		2053E3592926E31C00F74C38 /* Preview Content */ = {
			isa = PBXGroup;
			children = (
				2053E35A2926E31C00F74C38 /* Preview Assets.xcassets */,
			);
			path = "Preview Content";
			sourceTree = "<group>";
		};
/* End PBXGroup section */

/* Begin PBXNativeTarget section */
		2053E34F2926E31B00F74C38 /* SnowSeeker */ = {
			isa = PBXNativeTarget;
			buildConfigurationList = 2053E35E2926E31C00F74C38 /* Build configuration list for PBXNativeTarget "SnowSeeker" */;
			buildPhases = (
				2053E34C2926E31B00F74C38 /* Sources */,
				2053E34D2926E31B00F74C38 /* Frameworks */,
				2053E34E2926E31B00F74C38 /* Resources */,
			);
			buildRules = (
			);
			dependencies = (
			);
			name = SnowSeeker;
			productName = SnowSeeker;
			productReference = 2053E3502926E31B00F74C38 /* SnowSeeker.app */;
			productType = "com.apple.product-type.application";
		};
/* End PBXNativeTarget section */

/* Begin PBXProject section */
		2053E3482926E31B00F74C38 /* Project object */ = {
			isa = PBXProject;
			attributes = {
				BuildIndependentTargetsInParallel = 1;
				LastSwiftUpdateCheck = 1410;
				LastUpgradeCheck = 1410;
				TargetAttributes = {
					2053E34F2926E31B00F74C38 = {
						CreatedOnToolsVersion = 14.1;
					};
				};
			};
			buildConfigurationList = 2053E34B2926E31B00F74C38 /* Build configuration list for PBXProject "SnowSeeker" */;
			compatibilityVersion = "Xcode 14.0";
			developmentRegion = en;
			hasScannedForEncodings = 0;
			knownRegions = (
				en,
				Base,
			);
			mainGroup = 2053E3472926E31B00F74C38;
			productRefGroup = 2053E3512926E31B00F74C38 /* Products */;
			projectDirPath = "";
			projectRoot = "";
			targets = (
				2053E34F2926E31B00F74C38 /* SnowSeeker */,
			);
		};
/* End PBXProject section */

/* Begin PBXResourcesBuildPhase section */
		2053E34E2926E31B00F74C38 /* Resources */ = {
			isa = PBXResourcesBuildPhase;
			buildActionMask = 2147483647;
			files = (
				2053E3622926EDAE00F74C38 /* resorts.json in Resources */,
				2053E35B2926E31C00F74C38 /* Preview Assets.xcassets in Resources */,
				2053E3582926E31C00F74C38 /* Assets.xcassets in Resources */,
			);
			runOnlyForDeploymentPostprocessing = 0;
		};
/* End PBXResourcesBuildPhase section */

/* Begin PBXSourcesBuildPhase section */
		2053E34C2926E31B00F74C38 /* Sources */ = {
			isa = PBXSourcesBuildPhase;
			buildActionMask = 2147483647;
			files = (
				2053E3682926F31F00F74C38 /* WelcomeView.swift in Sources */,
				2087CA192928F32200CBA8B3 /* SkiDetailsView.swift in Sources */,
				2087CA1B2928F43600CBA8B3 /* ResortDetailsView.swift in Sources */,
				2087CA1F2929019C00CBA8B3 /* Favorites.swift in Sources */,
				2087CA1D2928FC5300CBA8B3 /* Facility.swift in Sources */,
				2053E3562926E31B00F74C38 /* ContentView.swift in Sources */,
				2053E3642926EE5D00F74C38 /* Resort.swift in Sources */,
				2087CA172928F1A400CBA8B3 /* ResortView.swift in Sources */,
				2053E3542926E31B00F74C38 /* SnowSeekerApp.swift in Sources */,
				2053E3662926EF0F00F74C38 /* Bundle-Decodable.swift in Sources */,
			);
			runOnlyForDeploymentPostprocessing = 0;
		};
/* End PBXSourcesBuildPhase section */

/* Begin XCBuildConfiguration section */
		2053E35C2926E31C00F74C38 /* Debug */ = {
			isa = XCBuildConfiguration;
			buildSettings = {
				ALWAYS_SEARCH_USER_PATHS = NO;
				CLANG_ANALYZER_NONNULL = YES;
				CLANG_ANALYZER_NUMBER_OBJECT_CONVERSION = YES_AGGRESSIVE;
				CLANG_CXX_LANGUAGE_STANDARD = "gnu++20";
				CLANG_ENABLE_MODULES = YES;
				CLANG_ENABLE_OBJC_ARC = YES;
				CLANG_ENABLE_OBJC_WEAK = YES;
				CLANG_WARN_BLOCK_CAPTURE_AUTORELEASING = YES;
				CLANG_WARN_BOOL_CONVERSION = YES;
				CLANG_WARN_COMMA = YES;
				CLANG_WARN_CONSTANT_CONVERSION = YES;
				CLANG_WARN_DEPRECATED_OBJC_IMPLEMENTATIONS = YES;
				CLANG_WARN_DIRECT_OBJC_ISA_USAGE = YES_ERROR;
				CLANG_WARN_DOCUMENTATION_COMMENTS = YES;
				CLANG_WARN_EMPTY_BODY = YES;
				CLANG_WARN_ENUM_CONVERSION = YES;
				CLANG_WARN_INFINITE_RECURSION = YES;
				CLANG_WARN_INT_CONVERSION = YES;
				CLANG_WARN_NON_LITERAL_NULL_CONVERSION = YES;
				CLANG_WARN_OBJC_IMPLICIT_RETAIN_SELF = YES;
				CLANG_WARN_OBJC_LITERAL_CONVERSION = YES;
				CLANG_WARN_OBJC_ROOT_CLASS = YES_ERROR;
				CLANG_WARN_QUOTED_INCLUDE_IN_FRAMEWORK_HEADER = YES;
				CLANG_WARN_RANGE_LOOP_ANALYSIS = YES;
				CLANG_WARN_STRICT_PROTOTYPES = YES;
				CLANG_WARN_SUSPICIOUS_MOVE = YES;
				CLANG_WARN_UNGUARDED_AVAILABILITY = YES_AGGRESSIVE;
				CLANG_WARN_UNREACHABLE_CODE = YES;
				CLANG_WARN__DUPLICATE_METHOD_MATCH = YES;
				COPY_PHASE_STRIP = NO;
				DEBUG_INFORMATION_FORMAT = dwarf;
				ENABLE_STRICT_OBJC_MSGSEND = YES;
				ENABLE_TESTABILITY = YES;
				GCC_C_LANGUAGE_STANDARD = gnu11;
				GCC_DYNAMIC_NO_PIC = NO;
				GCC_NO_COMMON_BLOCKS = YES;
				GCC_OPTIMIZATION_LEVEL = 0;
				GCC_PREPROCESSOR_DEFINITIONS = (
					"DEBUG=1",
					"$(inherited)",
				);
				GCC_WARN_64_TO_32_BIT_CONVERSION = YES;
				GCC_WARN_ABOUT_RETURN_TYPE = YES_ERROR;
				GCC_WARN_UNDECLARED_SELECTOR = YES;
				GCC_WARN_UNINITIALIZED_AUTOS = YES_AGGRESSIVE;
				GCC_WARN_UNUSED_FUNCTION = YES;
				GCC_WARN_UNUSED_VARIABLE = YES;
				IPHONEOS_DEPLOYMENT_TARGET = 16.1;
				MTL_ENABLE_DEBUG_INFO = INCLUDE_SOURCE;
				MTL_FAST_MATH = YES;
				ONLY_ACTIVE_ARCH = YES;
				SDKROOT = iphoneos;
				SWIFT_ACTIVE_COMPILATION_CONDITIONS = DEBUG;
				SWIFT_OPTIMIZATION_LEVEL = "-Onone";
			};
			name = Debug;
		};
		2053E35D2926E31C00F74C38 /* Release */ = {
			isa = XCBuildConfiguration;
			buildSettings = {
				ALWAYS_SEARCH_USER_PATHS = NO;
				CLANG_ANALYZER_NONNULL = YES;
				CLANG_ANALYZER_NUMBER_OBJECT_CONVERSION = YES_AGGRESSIVE;
				CLANG_CXX_LANGUAGE_STANDARD = "gnu++20";
				CLANG_ENABLE_MODULES = YES;
				CLANG_ENABLE_OBJC_ARC = YES;
				CLANG_ENABLE_OBJC_WEAK = YES;
				CLANG_WARN_BLOCK_CAPTURE_AUTORELEASING = YES;
				CLANG_WARN_BOOL_CONVERSION = YES;
				CLANG_WARN_COMMA = YES;
				CLANG_WARN_CONSTANT_CONVERSION = YES;
				CLANG_WARN_DEPRECATED_OBJC_IMPLEMENTATIONS = YES;
				CLANG_WARN_DIRECT_OBJC_ISA_USAGE = YES_ERROR;
				CLANG_WARN_DOCUMENTATION_COMMENTS = YES;
				CLANG_WARN_EMPTY_BODY = YES;
				CLANG_WARN_ENUM_CONVERSION = YES;
				CLANG_WARN_INFINITE_RECURSION = YES;
				CLANG_WARN_INT_CONVERSION = YES;
				CLANG_WARN_NON_LITERAL_NULL_CONVERSION = YES;
				CLANG_WARN_OBJC_IMPLICIT_RETAIN_SELF = YES;
				CLANG_WARN_OBJC_LITERAL_CONVERSION = YES;
				CLANG_WARN_OBJC_ROOT_CLASS = YES_ERROR;
				CLANG_WARN_QUOTED_INCLUDE_IN_FRAMEWORK_HEADER = YES;
				CLANG_WARN_RANGE_LOOP_ANALYSIS = YES;
				CLANG_WARN_STRICT_PROTOTYPES = YES;
				CLANG_WARN_SUSPICIOUS_MOVE = YES;
				CLANG_WARN_UNGUARDED_AVAILABILITY = YES_AGGRESSIVE;
				CLANG_WARN_UNREACHABLE_CODE = YES;
				CLANG_WARN__DUPLICATE_METHOD_MATCH = YES;
				COPY_PHASE_STRIP = NO;
				DEBUG_INFORMATION_FORMAT = "dwarf-with-dsym";
				ENABLE_NS_ASSERTIONS = NO;
				ENABLE_STRICT_OBJC_MSGSEND = YES;
				GCC_C_LANGUAGE_STANDARD = gnu11;
				GCC_NO_COMMON_BLOCKS = YES;
				GCC_WARN_64_TO_32_BIT_CONVERSION = YES;
				GCC_WARN_ABOUT_RETURN_TYPE = YES_ERROR;
				GCC_WARN_UNDECLARED_SELECTOR = YES;
				GCC_WARN_UNINITIALIZED_AUTOS = YES_AGGRESSIVE;
				GCC_WARN_UNUSED_FUNCTION = YES;
				GCC_WARN_UNUSED_VARIABLE = YES;
				IPHONEOS_DEPLOYMENT_TARGET = 16.1;
				MTL_ENABLE_DEBUG_INFO = NO;
				MTL_FAST_MATH = YES;
				SDKROOT = iphoneos;
				SWIFT_COMPILATION_MODE = wholemodule;
				SWIFT_OPTIMIZATION_LEVEL = "-O";
				VALIDATE_PRODUCT = YES;
			};
			name = Release;
		};
		2053E35F2926E31C00F74C38 /* Debug */ = {
			isa = XCBuildConfiguration;
			buildSettings = {
				ASSETCATALOG_COMPILER_APPICON_NAME = AppIcon;
				ASSETCATALOG_COMPILER_GLOBAL_ACCENT_COLOR_NAME = AccentColor;
				CODE_SIGN_STYLE = Automatic;
				CURRENT_PROJECT_VERSION = 1;
				DEVELOPMENT_ASSET_PATHS = "\"SnowSeeker/Preview Content\"";
				DEVELOPMENT_TEAM = FH4FKU836A;
				ENABLE_PREVIEWS = YES;
				GENERATE_INFOPLIST_FILE = YES;
				INFOPLIST_KEY_UIApplicationSceneManifest_Generation = YES;
				INFOPLIST_KEY_UIApplicationSupportsIndirectInputEvents = YES;
				INFOPLIST_KEY_UILaunchScreen_Generation = YES;
				INFOPLIST_KEY_UISupportedInterfaceOrientations_iPad = "UIInterfaceOrientationPortrait UIInterfaceOrientationPortraitUpsideDown UIInterfaceOrientationLandscapeLeft UIInterfaceOrientationLandscapeRight";
				INFOPLIST_KEY_UISupportedInterfaceOrientations_iPhone = "UIInterfaceOrientationPortrait UIInterfaceOrientationLandscapeLeft UIInterfaceOrientationLandscapeRight";
				LD_RUNPATH_SEARCH_PATHS = (
					"$(inherited)",
					"@executable_path/Frameworks",
				);
				MARKETING_VERSION = 1.0;
				PRODUCT_BUNDLE_IDENTIFIER = me.alvarenga.fabricio.SnowSeeker;
				PRODUCT_NAME = "$(TARGET_NAME)";
				SWIFT_EMIT_LOC_STRINGS = YES;
				SWIFT_VERSION = 5.0;
				TARGETED_DEVICE_FAMILY = "1,2";
			};
			name = Debug;
		};
		2053E3602926E31C00F74C38 /* Release */ = {
			isa = XCBuildConfiguration;
			buildSettings = {
				ASSETCATALOG_COMPILER_APPICON_NAME = AppIcon;
				ASSETCATALOG_COMPILER_GLOBAL_ACCENT_COLOR_NAME = AccentColor;
				CODE_SIGN_STYLE = Automatic;
				CURRENT_PROJECT_VERSION = 1;
				DEVELOPMENT_ASSET_PATHS = "\"SnowSeeker/Preview Content\"";
				DEVELOPMENT_TEAM = FH4FKU836A;
				ENABLE_PREVIEWS = YES;
				GENERATE_INFOPLIST_FILE = YES;
				INFOPLIST_KEY_UIApplicationSceneManifest_Generation = YES;
				INFOPLIST_KEY_UIApplicationSupportsIndirectInputEvents = YES;
				INFOPLIST_KEY_UILaunchScreen_Generation = YES;
				INFOPLIST_KEY_UISupportedInterfaceOrientations_iPad = "UIInterfaceOrientationPortrait UIInterfaceOrientationPortraitUpsideDown UIInterfaceOrientationLandscapeLeft UIInterfaceOrientationLandscapeRight";
				INFOPLIST_KEY_UISupportedInterfaceOrientations_iPhone = "UIInterfaceOrientationPortrait UIInterfaceOrientationLandscapeLeft UIInterfaceOrientationLandscapeRight";
				LD_RUNPATH_SEARCH_PATHS = (
					"$(inherited)",
					"@executable_path/Frameworks",
				);
				MARKETING_VERSION = 1.0;
				PRODUCT_BUNDLE_IDENTIFIER = me.alvarenga.fabricio.SnowSeeker;
				PRODUCT_NAME = "$(TARGET_NAME)";
				SWIFT_EMIT_LOC_STRINGS = YES;
				SWIFT_VERSION = 5.0;
				TARGETED_DEVICE_FAMILY = "1,2";
			};
			name = Release;
		};
/* End XCBuildConfiguration section */

/* Begin XCConfigurationList section */
		2053E34B2926E31B00F74C38 /* Build configuration list for PBXProject "SnowSeeker" */ = {
			isa = XCConfigurationList;
			buildConfigurations = (
				2053E35C2926E31C00F74C38 /* Debug */,
				2053E35D2926E31C00F74C38 /* Release */,
			);
			defaultConfigurationIsVisible = 0;
			defaultConfigurationName = Release;
		};
		2053E35E2926E31C00F74C38 /* Build configuration list for PBXNativeTarget "SnowSeeker" */ = {
			isa = XCConfigurationList;
			buildConfigurations = (
				2053E35F2926E31C00F74C38 /* Debug */,
				2053E3602926E31C00F74C38 /* Release */,
			);
			defaultConfigurationIsVisible = 0;
			defaultConfigurationName = Release;
		};
/* End XCConfigurationList section */
	};
	rootObject = 2053E3482926E31B00F74C38 /* Project object */;
}
